
Microsoft Visual Studio Solution File, Format Version 12.00
Project("{FAE04EC0-301F-11D3-BF4B-00C04F79EFBC}") = "MaterialResearch.MaterialsSyetemTestLoader", "MaterialResearch.MaterialsSyetemTestLoader\MaterialResearch.MaterialsSyetemTestLoader.csproj", "{9B5F396E-A505-4259-AF98-ABA412FC539B}"
EndProject
Global
	GlobalSection(SolutionConfigurationPlatforms) = preSolution
		Debug|Any CPU = Debug|Any CPU
		Release|Any CPU = Release|Any CPU
	EndGlobalSection
	GlobalSection(ProjectConfigurationPlatforms) = postSolution
		{9B5F396E-A505-4259-AF98-ABA412FC539B}.Debug|Any CPU.ActiveCfg = Debug|Any CPU
		{9B5F396E-A505-4259-AF98-ABA412FC539B}.Debug|Any CPU.Build.0 = Debug|Any CPU
		{9B5F396E-A505-4259-AF98-ABA412FC539B}.Release|Any CPU.ActiveCfg = Release|Any CPU
		{9B5F396E-A505-4259-AF98-ABA412FC539B}.Release|Any CPU.Build.0 = Release|Any CPU
	EndGlobalSection
EndGlobal
